
Microsoft Visual Studio Solution File, Format Version 12.00
# Visual Studio Version 17
VisualStudioVersion = 17.13.35825.156
MinimumVisualStudioVersion = 10.0.40219.1
Project("{FAE04EC0-301F-11D3-BF4B-00C04F79EFBC}") = "Tarefa.API", "Tarefa.API\Tarefa.API.csproj", "{587E128F-A9CE-414F-8D6A-D30F7A9B4C8B}"
EndProject
Project("{FAE04EC0-301F-11D3-BF4B-00C04F79EFBC}") = "Tarefa.Domain", "Tarefa.Domain\Tarefa.Domain.csproj", "{FDEDCC69-1199-4179-BCD8-B61191C98F06}"
EndProject
Project("{FAE04EC0-301F-11D3-BF4B-00C04F79EFBC}") = "Tarefa.Infra", "Tarefa.Infra\Tarefa.Infra.csproj", "{096FB9A7-796F-4755-82D7-85F0F59070C7}"
EndProject
Project("{FAE04EC0-301F-11D3-BF4B-00C04F79EFBC}") = "Tarefa.Application", "Tarefa.Application\Tarefa.Application.csproj", "{63C74723-84D3-4DC1-8D10-DB2984E2F24E}"
EndProject
Global
	GlobalSection(SolutionConfigurationPlatforms) = preSolution
		Debug|Any CPU = Debug|Any CPU
		Release|Any CPU = Release|Any CPU
	EndGlobalSection
	GlobalSection(ProjectConfigurationPlatforms) = postSolution
		{587E128F-A9CE-414F-8D6A-D30F7A9B4C8B}.Debug|Any CPU.ActiveCfg = Debug|Any CPU
		{587E128F-A9CE-414F-8D6A-D30F7A9B4C8B}.Debug|Any CPU.Build.0 = Debug|Any CPU
		{587E128F-A9CE-414F-8D6A-D30F7A9B4C8B}.Release|Any CPU.ActiveCfg = Release|Any CPU
		{587E128F-A9CE-414F-8D6A-D30F7A9B4C8B}.Release|Any CPU.Build.0 = Release|Any CPU
		{FDEDCC69-1199-4179-BCD8-B61191C98F06}.Debug|Any CPU.ActiveCfg = Debug|Any CPU
		{FDEDCC69-1199-4179-BCD8-B61191C98F06}.Debug|Any CPU.Build.0 = Debug|Any CPU
		{FDEDCC69-1199-4179-BCD8-B61191C98F06}.Release|Any CPU.ActiveCfg = Release|Any CPU
		{FDEDCC69-1199-4179-BCD8-B61191C98F06}.Release|Any CPU.Build.0 = Release|Any CPU
		{096FB9A7-796F-4755-82D7-85F0F59070C7}.Debug|Any CPU.ActiveCfg = Debug|Any CPU
		{096FB9A7-796F-4755-82D7-85F0F59070C7}.Debug|Any CPU.Build.0 = Debug|Any CPU
		{096FB9A7-796F-4755-82D7-85F0F59070C7}.Release|Any CPU.ActiveCfg = Release|Any CPU
		{096FB9A7-796F-4755-82D7-85F0F59070C7}.Release|Any CPU.Build.0 = Release|Any CPU
		{63C74723-84D3-4DC1-8D10-DB2984E2F24E}.Debug|Any CPU.ActiveCfg = Debug|Any CPU
		{63C74723-84D3-4DC1-8D10-DB2984E2F24E}.Debug|Any CPU.Build.0 = Debug|Any CPU
		{63C74723-84D3-4DC1-8D10-DB2984E2F24E}.Release|Any CPU.ActiveCfg = Release|Any CPU
		{63C74723-84D3-4DC1-8D10-DB2984E2F24E}.Release|Any CPU.Build.0 = Release|Any CPU
	EndGlobalSection
	GlobalSection(SolutionProperties) = preSolution
		HideSolutionNode = FALSE
	EndGlobalSection
	GlobalSection(ExtensibilityGlobals) = postSolution
		SolutionGuid = {AAA2642B-FE51-489C-8E5B-7FD0D1735EF4}
	EndGlobalSection
EndGlobal
